PODS:
  - Stripe (21.2.0):
    - Stripe/Stripe3DS2 (= 21.2.0)
  - Stripe/Stripe3DS2 (21.2.0)

DEPENDENCIES:
  - Stripe

SPEC REPOS:
  trunk:
    - Stripe

SPEC CHECKSUMS:
  Stripe: 37f742a4815882db4454188664a3aa61793a12b1

PODFILE CHECKSUM: 74e053ecbe24d5c0c333157a9d8e18ebf798bb90

COCOAPODS: 1.10.1
