PODS:
  - Stripe (21.3.0):
    - Stripe/Stripe3DS2 (= 21.3.0)
  - Stripe/Stripe3DS2 (21.3.0)

DEPENDENCIES:
  - Stripe

SPEC REPOS:
  trunk:
    - Stripe

SPEC CHECKSUMS:
  Stripe: 1edcfa3ae759524b3901165d84411624ab420add

PODFILE CHECKSUM: cc253b053ba52ccca190ac8f992d7b2abb2f66a5

COCOAPODS: 1.10.0
