PODS:
  - Stripe (21.5.1):
    - Stripe/Stripe3DS2 (= 21.5.1)
  - Stripe/Stripe3DS2 (21.5.1)

DEPENDENCIES:
  - Stripe (from `https://github.com/stripe/stripe-ios.git`, branch `wechatpay-pm-beta`)

EXTERNAL SOURCES:
  Stripe:
    :branch: wechatpay-pm-beta
    :git: https://github.com/stripe/stripe-ios.git

CHECKOUT OPTIONS:
  Stripe:
    :commit: c89caaff7f3bdf612461d407e01f7b64d2a429a1
    :git: https://github.com/stripe/stripe-ios.git

SPEC CHECKSUMS:
  Stripe: 515db5536fd659b5d79a0898ce1b882b61ab597e

PODFILE CHECKSUM: f5176f117c7e6a76b8059d700e68dc92868f7dbd

COCOAPODS: 1.10.1
