// !$*UTF8*$!
{
	archiveVersion = 1;
	classes = {
	};
	objectVersion = 50;
	objects = {

/* Begin PBXBuildFile section */
		2D14302425C7FEFF002B1294 /* AcceptAPaymentApp.swift in Sources */ = {isa = PBXBuildFile; fileRef = 2D14302325C7FEFF002B1294 /* AcceptAPaymentApp.swift */; };
		2D14302625C7FEFF002B1294 /* ContentView.swift in Sources */ = {isa = PBXBuildFile; fileRef = 2D14302525C7FEFF002B1294 /* ContentView.swift */; };
		2D14302825C7FF02002B1294 /* Assets.xcassets in Resources */ = {isa = PBXBuildFile; fileRef = 2D14302725C7FF02002B1294 /* Assets.xcassets */; };
		2D14302B25C7FF02002B1294 /* Preview Assets.xcassets in Resources */ = {isa = PBXBuildFile; fileRef = 2D14302A25C7FF02002B1294 /* Preview Assets.xcassets */; };
		2D14303625C7FF03002B1294 /* AcceptAPaymentTests.swift in Sources */ = {isa = PBXBuildFile; fileRef = 2D14303525C7FF03002B1294 /* AcceptAPaymentTests.swift */; };
		2D14304125C7FF03002B1294 /* AcceptAPaymentUITests.swift in Sources */ = {isa = PBXBuildFile; fileRef = 2D14304025C7FF03002B1294 /* AcceptAPaymentUITests.swift */; };
/* End PBXBuildFile section */

/* Begin PBXContainerItemProxy section */
		2D14303225C7FF03002B1294 /* PBXContainerItemProxy */ = {
			isa = PBXContainerItemProxy;
			containerPortal = 2D14301825C7FEFF002B1294 /* Project object */;
			proxyType = 1;
			remoteGlobalIDString = 2D14301F25C7FEFF002B1294;
			remoteInfo = AcceptAPayment;
		};
		2D14303D25C7FF03002B1294 /* PBXContainerItemProxy */ = {
			isa = PBXContainerItemProxy;
			containerPortal = 2D14301825C7FEFF002B1294 /* Project object */;
			proxyType = 1;
			remoteGlobalIDString = 2D14301F25C7FEFF002B1294;
			remoteInfo = AcceptAPayment;
		};
/* End PBXContainerItemProxy section */

/* Begin PBXFileReference section */
		2D14302025C7FEFF002B1294 /* AcceptAPayment.app */ = {isa = PBXFileReference; explicitFileType = wrapper.application; includeInIndex = 0; path = AcceptAPayment.app; sourceTree = BUILT_PRODUCTS_DIR; };
		2D14302325C7FEFF002B1294 /* AcceptAPaymentApp.swift */ = {isa = PBXFileReference; lastKnownFileType = sourcecode.swift; path = AcceptAPaymentApp.swift; sourceTree = "<group>"; };
		2D14302525C7FEFF002B1294 /* ContentView.swift */ = {isa = PBXFileReference; lastKnownFileType = sourcecode.swift; path = ContentView.swift; sourceTree = "<group>"; };
		2D14302725C7FF02002B1294 /* Assets.xcassets */ = {isa = PBXFileReference; lastKnownFileType = folder.assetcatalog; path = Assets.xcassets; sourceTree = "<group>"; };
		2D14302A25C7FF02002B1294 /* Preview Assets.xcassets */ = {isa = PBXFileReference; lastKnownFileType = folder.assetcatalog; path = "Preview Assets.xcassets"; sourceTree = "<group>"; };
		2D14302C25C7FF02002B1294 /* Info.plist */ = {isa = PBXFileReference; lastKnownFileType = text.plist.xml; path = Info.plist; sourceTree = "<group>"; };
		2D14303125C7FF03002B1294 /* AcceptAPaymentTests.xctest */ = {isa = PBXFileReference; explicitFileType = wrapper.cfbundle; includeInIndex = 0; path = AcceptAPaymentTests.xctest; sourceTree = BUILT_PRODUCTS_DIR; };
		2D14303525C7FF03002B1294 /* AcceptAPaymentTests.swift */ = {isa = PBXFileReference; lastKnownFileType = sourcecode.swift; path = AcceptAPaymentTests.swift; sourceTree = "<group>"; };
		2D14303725C7FF03002B1294 /* Info.plist */ = {isa = PBXFileReference; lastKnownFileType = text.plist.xml; path = Info.plist; sourceTree = "<group>"; };
		2D14303C25C7FF03002B1294 /* AcceptAPaymentUITests.xctest */ = {isa = PBXFileReference; explicitFileType = wrapper.cfbundle; includeInIndex = 0; path = AcceptAPaymentUITests.xctest; sourceTree = BUILT_PRODUCTS_DIR; };
		2D14304025C7FF03002B1294 /* AcceptAPaymentUITests.swift */ = {isa = PBXFileReference; lastKnownFileType = sourcecode.swift; path = AcceptAPaymentUITests.swift; sourceTree = "<group>"; };
		2D14304225C7FF03002B1294 /* Info.plist */ = {isa = PBXFileReference; lastKnownFileType = text.plist.xml; path = Info.plist; sourceTree = "<group>"; };
/* End PBXFileReference section */

/* Begin PBXFrameworksBuildPhase section */
		2D14301D25C7FEFF002B1294 /* Frameworks */ = {
			isa = PBXFrameworksBuildPhase;
			buildActionMask = 2147483647;
			files = (
			);
			runOnlyForDeploymentPostprocessing = 0;
		};
		2D14302E25C7FF03002B1294 /* Frameworks */ = {
			isa = PBXFrameworksBuildPhase;
			buildActionMask = 2147483647;
			files = (
			);
			runOnlyForDeploymentPostprocessing = 0;
		};
		2D14303925C7FF03002B1294 /* Frameworks */ = {
			isa = PBXFrameworksBuildPhase;
			buildActionMask = 2147483647;
			files = (
			);
			runOnlyForDeploymentPostprocessing = 0;
		};
/* End PBXFrameworksBuildPhase section */

/* Begin PBXGroup section */
		2D14301725C7FEFF002B1294 = {
			isa = PBXGroup;
			children = (
				2D14302225C7FEFF002B1294 /* AcceptAPayment */,
				2D14303425C7FF03002B1294 /* AcceptAPaymentTests */,
				2D14303F25C7FF03002B1294 /* AcceptAPaymentUITests */,
				2D14302125C7FEFF002B1294 /* Products */,
			);
			sourceTree = "<group>";
		};
		2D14302125C7FEFF002B1294 /* Products */ = {
			isa = PBXGroup;
			children = (
				2D14302025C7FEFF002B1294 /* AcceptAPayment.app */,
				2D14303125C7FF03002B1294 /* AcceptAPaymentTests.xctest */,
				2D14303C25C7FF03002B1294 /* AcceptAPaymentUITests.xctest */,
			);
			name = Products;
			sourceTree = "<group>";
		};
		2D14302225C7FEFF002B1294 /* AcceptAPayment */ = {
			isa = PBXGroup;
			children = (
				2D14302325C7FEFF002B1294 /* AcceptAPaymentApp.swift */,
				2D14302525C7FEFF002B1294 /* ContentView.swift */,
				2D14302725C7FF02002B1294 /* Assets.xcassets */,
				2D14302C25C7FF02002B1294 /* Info.plist */,
				2D14302925C7FF02002B1294 /* Preview Content */,
			);
			path = AcceptAPayment;
			sourceTree = "<group>";
		};
		2D14302925C7FF02002B1294 /* Preview Content */ = {
			isa = PBXGroup;
			children = (
				2D14302A25C7FF02002B1294 /* Preview Assets.xcassets */,
			);
			path = "Preview Content";
			sourceTree = "<group>";
		};
		2D14303425C7FF03002B1294 /* AcceptAPaymentTests */ = {
			isa = PBXGroup;
			children = (
				2D14303525C7FF03002B1294 /* AcceptAPaymentTests.swift */,
				2D14303725C7FF03002B1294 /* Info.plist */,
			);
			path = AcceptAPaymentTests;
			sourceTree = "<group>";
		};
		2D14303F25C7FF03002B1294 /* AcceptAPaymentUITests */ = {
			isa = PBXGroup;
			children = (
				2D14304025C7FF03002B1294 /* AcceptAPaymentUITests.swift */,
				2D14304225C7FF03002B1294 /* Info.plist */,
			);
			path = AcceptAPaymentUITests;
			sourceTree = "<group>";
		};
/* End PBXGroup section */

/* Begin PBXNativeTarget section */
		2D14301F25C7FEFF002B1294 /* AcceptAPayment */ = {
			isa = PBXNativeTarget;
			buildConfigurationList = 2D14304525C7FF03002B1294 /* Build configuration list for PBXNativeTarget "AcceptAPayment" */;
			buildPhases = (
				2D14301C25C7FEFF002B1294 /* Sources */,
				2D14301D25C7FEFF002B1294 /* Frameworks */,
				2D14301E25C7FEFF002B1294 /* Resources */,
			);
			buildRules = (
			);
			dependencies = (
			);
			name = AcceptAPayment;
			productName = AcceptAPayment;
			productReference = 2D14302025C7FEFF002B1294 /* AcceptAPayment.app */;
			productType = "com.apple.product-type.application";
		};
		2D14303025C7FF03002B1294 /* AcceptAPaymentTests */ = {
			isa = PBXNativeTarget;
			buildConfigurationList = 2D14304825C7FF03002B1294 /* Build configuration list for PBXNativeTarget "AcceptAPaymentTests" */;
			buildPhases = (
				2D14302D25C7FF03002B1294 /* Sources */,
				2D14302E25C7FF03002B1294 /* Frameworks */,
				2D14302F25C7FF03002B1294 /* Resources */,
			);
			buildRules = (
			);
			dependencies = (
				2D14303325C7FF03002B1294 /* PBXTargetDependency */,
			);
			name = AcceptAPaymentTests;
			productName = AcceptAPaymentTests;
			productReference = 2D14303125C7FF03002B1294 /* AcceptAPaymentTests.xctest */;
			productType = "com.apple.product-type.bundle.unit-test";
		};
		2D14303B25C7FF03002B1294 /* AcceptAPaymentUITests */ = {
			isa = PBXNativeTarget;
			buildConfigurationList = 2D14304B25C7FF03002B1294 /* Build configuration list for PBXNativeTarget "AcceptAPaymentUITests" */;
			buildPhases = (
				2D14303825C7FF03002B1294 /* Sources */,
				2D14303925C7FF03002B1294 /* Frameworks */,
				2D14303A25C7FF03002B1294 /* Resources */,
			);
			buildRules = (
			);
			dependencies = (
				2D14303E25C7FF03002B1294 /* PBXTargetDependency */,
			);
			name = AcceptAPaymentUITests;
			productName = AcceptAPaymentUITests;
			productReference = 2D14303C25C7FF03002B1294 /* AcceptAPaymentUITests.xctest */;
			productType = "com.apple.product-type.bundle.ui-testing";
		};
/* End PBXNativeTarget section */

/* Begin PBXProject section */
		2D14301825C7FEFF002B1294 /* Project object */ = {
			isa = PBXProject;
			attributes = {
				LastSwiftUpdateCheck = 1200;
				LastUpgradeCheck = 1200;
				TargetAttributes = {
					2D14301F25C7FEFF002B1294 = {
						CreatedOnToolsVersion = 12.0.1;
					};
					2D14303025C7FF03002B1294 = {
						CreatedOnToolsVersion = 12.0.1;
						TestTargetID = 2D14301F25C7FEFF002B1294;
					};
					2D14303B25C7FF03002B1294 = {
						CreatedOnToolsVersion = 12.0.1;
						TestTargetID = 2D14301F25C7FEFF002B1294;
					};
				};
			};
			buildConfigurationList = 2D14301B25C7FEFF002B1294 /* Build configuration list for PBXProject "AcceptAPayment" */;
			compatibilityVersion = "Xcode 9.3";
			developmentRegion = en;
			hasScannedForEncodings = 0;
			knownRegions = (
				en,
				Base,
			);
			mainGroup = 2D14301725C7FEFF002B1294;
			productRefGroup = 2D14302125C7FEFF002B1294 /* Products */;
			projectDirPath = "";
			projectRoot = "";
			targets = (
				2D14301F25C7FEFF002B1294 /* AcceptAPayment */,
				2D14303025C7FF03002B1294 /* AcceptAPaymentTests */,
				2D14303B25C7FF03002B1294 /* AcceptAPaymentUITests */,
			);
		};
/* End PBXProject section */

/* Begin PBXResourcesBuildPhase section */
		2D14301E25C7FEFF002B1294 /* Resources */ = {
			isa = PBXResourcesBuildPhase;
			buildActionMask = 2147483647;
			files = (
				2D14302B25C7FF02002B1294 /* Preview Assets.xcassets in Resources */,
				2D14302825C7FF02002B1294 /* Assets.xcassets in Resources */,
			);
			runOnlyForDeploymentPostprocessing = 0;
		};
		2D14302F25C7FF03002B1294 /* Resources */ = {
			isa = PBXResourcesBuildPhase;
			buildActionMask = 2147483647;
			files = (
			);
			runOnlyForDeploymentPostprocessing = 0;
		};
		2D14303A25C7FF03002B1294 /* Resources */ = {
			isa = PBXResourcesBuildPhase;
			buildActionMask = 2147483647;
			files = (
			);
			runOnlyForDeploymentPostprocessing = 0;
		};
/* End PBXResourcesBuildPhase section */

/* Begin PBXSourcesBuildPhase section */
		2D14301C25C7FEFF002B1294 /* Sources */ = {
			isa = PBXSourcesBuildPhase;
			buildActionMask = 2147483647;
			files = (
				2D14302625C7FEFF002B1294 /* ContentView.swift in Sources */,
				2D14302425C7FEFF002B1294 /* AcceptAPaymentApp.swift in Sources */,
			);
			runOnlyForDeploymentPostprocessing = 0;
		};
		2D14302D25C7FF03002B1294 /* Sources */ = {
			isa = PBXSourcesBuildPhase;
			buildActionMask = 2147483647;
			files = (
				2D14303625C7FF03002B1294 /* AcceptAPaymentTests.swift in Sources */,
			);
			runOnlyForDeploymentPostprocessing = 0;
		};
		2D14303825C7FF03002B1294 /* Sources */ = {
			isa = PBXSourcesBuildPhase;
			buildActionMask = 2147483647;
			files = (
				2D14304125C7FF03002B1294 /* AcceptAPaymentUITests.swift in Sources */,
			);
			runOnlyForDeploymentPostprocessing = 0;
		};
/* End PBXSourcesBuildPhase section */

/* Begin PBXTargetDependency section */
		2D14303325C7FF03002B1294 /* PBXTargetDependency */ = {
			isa = PBXTargetDependency;
			target = 2D14301F25C7FEFF002B1294 /* AcceptAPayment */;
			targetProxy = 2D14303225C7FF03002B1294 /* PBXContainerItemProxy */;
		};
		2D14303E25C7FF03002B1294 /* PBXTargetDependency */ = {
			isa = PBXTargetDependency;
			target = 2D14301F25C7FEFF002B1294 /* AcceptAPayment */;
			targetProxy = 2D14303D25C7FF03002B1294 /* PBXContainerItemProxy */;
		};
/* End PBXTargetDependency section */

/* Begin XCBuildConfiguration section */
		2D14304325C7FF03002B1294 /* Debug */ = {
			isa = XCBuildConfiguration;
			buildSettings = {
				ALWAYS_SEARCH_USER_PATHS = NO;
				CLANG_ANALYZER_NONNULL = YES;
				CLANG_ANALYZER_NUMBER_OBJECT_CONVERSION = YES_AGGRESSIVE;
				CLANG_CXX_LANGUAGE_STANDARD = "gnu++14";
				CLANG_CXX_LIBRARY = "libc++";
				CLANG_ENABLE_MODULES = YES;
				CLANG_ENABLE_OBJC_ARC = YES;
				CLANG_ENABLE_OBJC_WEAK = YES;
				CLANG_WARN_BLOCK_CAPTURE_AUTORELEASING = YES;
				CLANG_WARN_BOOL_CONVERSION = YES;
				CLANG_WARN_COMMA = YES;
				CLANG_WARN_CONSTANT_CONVERSION = YES;
				CLANG_WARN_DEPRECATED_OBJC_IMPLEMENTATIONS = YES;
				CLANG_WARN_DIRECT_OBJC_ISA_USAGE = YES_ERROR;
				CLANG_WARN_DOCUMENTATION_COMMENTS = YES;
				CLANG_WARN_EMPTY_BODY = YES;
				CLANG_WARN_ENUM_CONVERSION = YES;
				CLANG_WARN_INFINITE_RECURSION = YES;
				CLANG_WARN_INT_CONVERSION = YES;
				CLANG_WARN_NON_LITERAL_NULL_CONVERSION = YES;
				CLANG_WARN_OBJC_IMPLICIT_RETAIN_SELF = YES;
				CLANG_WARN_OBJC_LITERAL_CONVERSION = YES;
				CLANG_WARN_OBJC_ROOT_CLASS = YES_ERROR;
				CLANG_WARN_QUOTED_INCLUDE_IN_FRAMEWORK_HEADER = YES;
				CLANG_WARN_RANGE_LOOP_ANALYSIS = YES;
				CLANG_WARN_STRICT_PROTOTYPES = YES;
				CLANG_WARN_SUSPICIOUS_MOVE = YES;
				CLANG_WARN_UNGUARDED_AVAILABILITY = YES_AGGRESSIVE;
				CLANG_WARN_UNREACHABLE_CODE = YES;
				CLANG_WARN__DUPLICATE_METHOD_MATCH = YES;
				COPY_PHASE_STRIP = NO;
				DEBUG_INFORMATION_FORMAT = dwarf;
				ENABLE_STRICT_OBJC_MSGSEND = YES;
				ENABLE_TESTABILITY = YES;
				GCC_C_LANGUAGE_STANDARD = gnu11;
				GCC_DYNAMIC_NO_PIC = NO;
				GCC_NO_COMMON_BLOCKS = YES;
				GCC_OPTIMIZATION_LEVEL = 0;
				GCC_PREPROCESSOR_DEFINITIONS = (
					"DEBUG=1",
					"$(inherited)",
				);
				GCC_WARN_64_TO_32_BIT_CONVERSION = YES;
				GCC_WARN_ABOUT_RETURN_TYPE = YES_ERROR;
				GCC_WARN_UNDECLARED_SELECTOR = YES;
				GCC_WARN_UNINITIALIZED_AUTOS = YES_AGGRESSIVE;
				GCC_WARN_UNUSED_FUNCTION = YES;
				GCC_WARN_UNUSED_VARIABLE = YES;
				IPHONEOS_DEPLOYMENT_TARGET = 14.0;
				MTL_ENABLE_DEBUG_INFO = INCLUDE_SOURCE;
				MTL_FAST_MATH = YES;
				ONLY_ACTIVE_ARCH = YES;
				SDKROOT = iphoneos;
				SWIFT_ACTIVE_COMPILATION_CONDITIONS = DEBUG;
				SWIFT_OPTIMIZATION_LEVEL = "-Onone";
			};
			name = Debug;
		};
		2D14304425C7FF03002B1294 /* Release */ = {
			isa = XCBuildConfiguration;
			buildSettings = {
				ALWAYS_SEARCH_USER_PATHS = NO;
				CLANG_ANALYZER_NONNULL = YES;
				CLANG_ANALYZER_NUMBER_OBJECT_CONVERSION = YES_AGGRESSIVE;
				CLANG_CXX_LANGUAGE_STANDARD = "gnu++14";
				CLANG_CXX_LIBRARY = "libc++";
				CLANG_ENABLE_MODULES = YES;
				CLANG_ENABLE_OBJC_ARC = YES;
				CLANG_ENABLE_OBJC_WEAK = YES;
				CLANG_WARN_BLOCK_CAPTURE_AUTORELEASING = YES;
				CLANG_WARN_BOOL_CONVERSION = YES;
				CLANG_WARN_COMMA = YES;
				CLANG_WARN_CONSTANT_CONVERSION = YES;
				CLANG_WARN_DEPRECATED_OBJC_IMPLEMENTATIONS = YES;
				CLANG_WARN_DIRECT_OBJC_ISA_USAGE = YES_ERROR;
				CLANG_WARN_DOCUMENTATION_COMMENTS = YES;
				CLANG_WARN_EMPTY_BODY = YES;
				CLANG_WARN_ENUM_CONVERSION = YES;
				CLANG_WARN_INFINITE_RECURSION = YES;
				CLANG_WARN_INT_CONVERSION = YES;
				CLANG_WARN_NON_LITERAL_NULL_CONVERSION = YES;
				CLANG_WARN_OBJC_IMPLICIT_RETAIN_SELF = YES;
				CLANG_WARN_OBJC_LITERAL_CONVERSION = YES;
				CLANG_WARN_OBJC_ROOT_CLASS = YES_ERROR;
				CLANG_WARN_QUOTED_INCLUDE_IN_FRAMEWORK_HEADER = YES;
				CLANG_WARN_RANGE_LOOP_ANALYSIS = YES;
				CLANG_WARN_STRICT_PROTOTYPES = YES;
				CLANG_WARN_SUSPICIOUS_MOVE = YES;
				CLANG_WARN_UNGUARDED_AVAILABILITY = YES_AGGRESSIVE;
				CLANG_WARN_UNREACHABLE_CODE = YES;
				CLANG_WARN__DUPLICATE_METHOD_MATCH = YES;
				COPY_PHASE_STRIP = NO;
				DEBUG_INFORMATION_FORMAT = "dwarf-with-dsym";
				ENABLE_NS_ASSERTIONS = NO;
				ENABLE_STRICT_OBJC_MSGSEND = YES;
				GCC_C_LANGUAGE_STANDARD = gnu11;
				GCC_NO_COMMON_BLOCKS = YES;
				GCC_WARN_64_TO_32_BIT_CONVERSION = YES;
				GCC_WARN_ABOUT_RETURN_TYPE = YES_ERROR;
				GCC_WARN_UNDECLARED_SELECTOR = YES;
				GCC_WARN_UNINITIALIZED_AUTOS = YES_AGGRESSIVE;
				GCC_WARN_UNUSED_FUNCTION = YES;
				GCC_WARN_UNUSED_VARIABLE = YES;
				IPHONEOS_DEPLOYMENT_TARGET = 14.0;
				MTL_ENABLE_DEBUG_INFO = NO;
				MTL_FAST_MATH = YES;
				SDKROOT = iphoneos;
				SWIFT_COMPILATION_MODE = wholemodule;
				SWIFT_OPTIMIZATION_LEVEL = "-O";
				VALIDATE_PRODUCT = YES;
			};
			name = Release;
		};
		2D14304625C7FF03002B1294 /* Debug */ = {
			isa = XCBuildConfiguration;
			buildSettings = {
				ASSETCATALOG_COMPILER_APPICON_NAME = AppIcon;
				ASSETCATALOG_COMPILER_GLOBAL_ACCENT_COLOR_NAME = AccentColor;
				CODE_SIGN_STYLE = Automatic;
				DEVELOPMENT_ASSET_PATHS = "\"AcceptAPayment/Preview Content\"";
				ENABLE_PREVIEWS = YES;
				INFOPLIST_FILE = AcceptAPayment/Info.plist;
				IPHONEOS_DEPLOYMENT_TARGET = 14.0;
				LD_RUNPATH_SEARCH_PATHS = (
					"$(inherited)",
					"@executable_path/Frameworks",
				);
				PRODUCT_BUNDLE_IDENTIFIER = stripe.example.AcceptAPayment;
				PRODUCT_NAME = "$(TARGET_NAME)";
				SWIFT_VERSION = 5.0;
				TARGETED_DEVICE_FAMILY = "1,2";
			};
			name = Debug;
		};
		2D14304725C7FF03002B1294 /* Release */ = {
			isa = XCBuildConfiguration;
			buildSettings = {
				ASSETCATALOG_COMPILER_APPICON_NAME = AppIcon;
				ASSETCATALOG_COMPILER_GLOBAL_ACCENT_COLOR_NAME = AccentColor;
				CODE_SIGN_STYLE = Automatic;
				DEVELOPMENT_ASSET_PATHS = "\"AcceptAPayment/Preview Content\"";
				ENABLE_PREVIEWS = YES;
				INFOPLIST_FILE = AcceptAPayment/Info.plist;
				IPHONEOS_DEPLOYMENT_TARGET = 14.0;
				LD_RUNPATH_SEARCH_PATHS = (
					"$(inherited)",
					"@executable_path/Frameworks",
				);
				PRODUCT_BUNDLE_IDENTIFIER = stripe.example.AcceptAPayment;
				PRODUCT_NAME = "$(TARGET_NAME)";
				SWIFT_VERSION = 5.0;
				TARGETED_DEVICE_FAMILY = "1,2";
			};
			name = Release;
		};
		2D14304925C7FF03002B1294 /* Debug */ = {
			isa = XCBuildConfiguration;
			buildSettings = {
				ALWAYS_EMBED_SWIFT_STANDARD_LIBRARIES = YES;
				BUNDLE_LOADER = "$(TEST_HOST)";
				CODE_SIGN_STYLE = Automatic;
				INFOPLIST_FILE = AcceptAPaymentTests/Info.plist;
				IPHONEOS_DEPLOYMENT_TARGET = 14.0;
				LD_RUNPATH_SEARCH_PATHS = (
					"$(inherited)",
					"@executable_path/Frameworks",
					"@loader_path/Frameworks",
				);
				PRODUCT_BUNDLE_IDENTIFIER = stripe.example.AcceptAPaymentTests;
				PRODUCT_NAME = "$(TARGET_NAME)";
				SWIFT_VERSION = 5.0;
				TARGETED_DEVICE_FAMILY = "1,2";
				TEST_HOST = "$(BUILT_PRODUCTS_DIR)/AcceptAPayment.app/AcceptAPayment";
			};
			name = Debug;
		};
		2D14304A25C7FF03002B1294 /* Release */ = {
			isa = XCBuildConfiguration;
			buildSettings = {
				ALWAYS_EMBED_SWIFT_STANDARD_LIBRARIES = YES;
				BUNDLE_LOADER = "$(TEST_HOST)";
				CODE_SIGN_STYLE = Automatic;
				INFOPLIST_FILE = AcceptAPaymentTests/Info.plist;
				IPHONEOS_DEPLOYMENT_TARGET = 14.0;
				LD_RUNPATH_SEARCH_PATHS = (
					"$(inherited)",
					"@executable_path/Frameworks",
					"@loader_path/Frameworks",
				);
				PRODUCT_BUNDLE_IDENTIFIER = stripe.example.AcceptAPaymentTests;
				PRODUCT_NAME = "$(TARGET_NAME)";
				SWIFT_VERSION = 5.0;
				TARGETED_DEVICE_FAMILY = "1,2";
				TEST_HOST = "$(BUILT_PRODUCTS_DIR)/AcceptAPayment.app/AcceptAPayment";
			};
			name = Release;
		};
		2D14304C25C7FF03002B1294 /* Debug */ = {
			isa = XCBuildConfiguration;
			buildSettings = {
				ALWAYS_EMBED_SWIFT_STANDARD_LIBRARIES = YES;
				CODE_SIGN_STYLE = Automatic;
				INFOPLIST_FILE = AcceptAPaymentUITests/Info.plist;
				LD_RUNPATH_SEARCH_PATHS = (
					"$(inherited)",
					"@executable_path/Frameworks",
					"@loader_path/Frameworks",
				);
				PRODUCT_BUNDLE_IDENTIFIER = stripe.example.AcceptAPaymentUITests;
				PRODUCT_NAME = "$(TARGET_NAME)";
				SWIFT_VERSION = 5.0;
				TARGETED_DEVICE_FAMILY = "1,2";
				TEST_TARGET_NAME = AcceptAPayment;
			};
			name = Debug;
		};
		2D14304D25C7FF03002B1294 /* Release */ = {
			isa = XCBuildConfiguration;
			buildSettings = {
				ALWAYS_EMBED_SWIFT_STANDARD_LIBRARIES = YES;
				CODE_SIGN_STYLE = Automatic;
				INFOPLIST_FILE = AcceptAPaymentUITests/Info.plist;
				LD_RUNPATH_SEARCH_PATHS = (
					"$(inherited)",
					"@executable_path/Frameworks",
					"@loader_path/Frameworks",
				);
				PRODUCT_BUNDLE_IDENTIFIER = stripe.example.AcceptAPaymentUITests;
				PRODUCT_NAME = "$(TARGET_NAME)";
				SWIFT_VERSION = 5.0;
				TARGETED_DEVICE_FAMILY = "1,2";
				TEST_TARGET_NAME = AcceptAPayment;
			};
			name = Release;
		};
/* End XCBuildConfiguration section */

/* Begin XCConfigurationList section */
		2D14301B25C7FEFF002B1294 /* Build configuration list for PBXProject "AcceptAPayment" */ = {
			isa = XCConfigurationList;
			buildConfigurations = (
				2D14304325C7FF03002B1294 /* Debug */,
				2D14304425C7FF03002B1294 /* Release */,
			);
			defaultConfigurationIsVisible = 0;
			defaultConfigurationName = Release;
		};
		2D14304525C7FF03002B1294 /* Build configuration list for PBXNativeTarget "AcceptAPayment" */ = {
			isa = XCConfigurationList;
			buildConfigurations = (
				2D14304625C7FF03002B1294 /* Debug */,
				2D14304725C7FF03002B1294 /* Release */,
			);
			defaultConfigurationIsVisible = 0;
			defaultConfigurationName = Release;
		};
		2D14304825C7FF03002B1294 /* Build configuration list for PBXNativeTarget "AcceptAPaymentTests" */ = {
			isa = XCConfigurationList;
			buildConfigurations = (
				2D14304925C7FF03002B1294 /* Debug */,
				2D14304A25C7FF03002B1294 /* Release */,
			);
			defaultConfigurationIsVisible = 0;
			defaultConfigurationName = Release;
		};
		2D14304B25C7FF03002B1294 /* Build configuration list for PBXNativeTarget "AcceptAPaymentUITests" */ = {
			isa = XCConfigurationList;
			buildConfigurations = (
				2D14304C25C7FF03002B1294 /* Debug */,
				2D14304D25C7FF03002B1294 /* Release */,
			);
			defaultConfigurationIsVisible = 0;
			defaultConfigurationName = Release;
		};
/* End XCConfigurationList section */
	};
	rootObject = 2D14301825C7FEFF002B1294 /* Project object */;
}
